
Microsoft Visual Studio Solution File, Format Version 12.00
# Visual Studio Version 16
VisualStudioVersion = 16.0.30804.86
MinimumVisualStudioVersion = 15.0.26124.0
Project("{9A19103F-16F7-4668-BE54-9A1E7A4F7556}") = "MiddlewareLibraryCore", "MiddlewareLibraryCore\MiddlewareLibraryCore.csproj", "{4844FD76-60CD-4BC8-A01C-96D37F400E6C}"
EndProject
Project("{9A19103F-16F7-4668-BE54-9A1E7A4F7556}") = "MiddlewareConsoleCore", "MiddlewareConsoleCore\MiddlewareConsoleCore.csproj", "{489D2EEB-48F0-44AF-8EAA-E318634F94D7}"
EndProject
Global
	GlobalSection(SolutionConfigurationPlatforms) = preSolution
		Debug|Any CPU = Debug|Any CPU
		Debug|x64 = Debug|x64
		Debug|x86 = Debug|x86
		Release|Any CPU = Release|Any CPU
		Release|x64 = Release|x64
		Release|x86 = Release|x86
	EndGlobalSection
	GlobalSection(ProjectConfigurationPlatforms) = postSolution
		{4844FD76-60CD-4BC8-A01C-96D37F400E6C}.Debug|Any CPU.ActiveCfg = Debug|Any CPU
		{4844FD76-60CD-4BC8-A01C-96D37F400E6C}.Debug|Any CPU.Build.0 = Debug|Any CPU
		{4844FD76-60CD-4BC8-A01C-96D37F400E6C}.Debug|x64.ActiveCfg = Debug|Any CPU
		{4844FD76-60CD-4BC8-A01C-96D37F400E6C}.Debug|x64.Build.0 = Debug|Any CPU
		{4844FD76-60CD-4BC8-A01C-96D37F400E6C}.Debug|x86.ActiveCfg = Debug|Any CPU
		{4844FD76-60CD-4BC8-A01C-96D37F400E6C}.Debug|x86.Build.0 = Debug|Any CPU
		{4844FD76-60CD-4BC8-A01C-96D37F400E6C}.Release|Any CPU.ActiveCfg = Release|Any CPU
		{4844FD76-60CD-4BC8-A01C-96D37F400E6C}.Release|Any CPU.Build.0 = Release|Any CPU
		{4844FD76-60CD-4BC8-A01C-96D37F400E6C}.Release|x64.ActiveCfg = Release|Any CPU
		{4844FD76-60CD-4BC8-A01C-96D37F400E6C}.Release|x64.Build.0 = Release|Any CPU
		{4844FD76-60CD-4BC8-A01C-96D37F400E6C}.Release|x86.ActiveCfg = Release|Any CPU
		{4844FD76-60CD-4BC8-A01C-96D37F400E6C}.Release|x86.Build.0 = Release|Any CPU
		{489D2EEB-48F0-44AF-8EAA-E318634F94D7}.Debug|Any CPU.ActiveCfg = Debug|Any CPU
		{489D2EEB-48F0-44AF-8EAA-E318634F94D7}.Debug|Any CPU.Build.0 = Debug|Any CPU
		{489D2EEB-48F0-44AF-8EAA-E318634F94D7}.Debug|x64.ActiveCfg = Debug|Any CPU
		{489D2EEB-48F0-44AF-8EAA-E318634F94D7}.Debug|x64.Build.0 = Debug|Any CPU
		{489D2EEB-48F0-44AF-8EAA-E318634F94D7}.Debug|x86.ActiveCfg = Debug|Any CPU
		{489D2EEB-48F0-44AF-8EAA-E318634F94D7}.Debug|x86.Build.0 = Debug|Any CPU
		{489D2EEB-48F0-44AF-8EAA-E318634F94D7}.Release|Any CPU.ActiveCfg = Release|Any CPU
		{489D2EEB-48F0-44AF-8EAA-E318634F94D7}.Release|Any CPU.Build.0 = Release|Any CPU
		{489D2EEB-48F0-44AF-8EAA-E318634F94D7}.Release|x64.ActiveCfg = Release|Any CPU
		{489D2EEB-48F0-44AF-8EAA-E318634F94D7}.Release|x64.Build.0 = Release|Any CPU
		{489D2EEB-48F0-44AF-8EAA-E318634F94D7}.Release|x86.ActiveCfg = Release|Any CPU
		{489D2EEB-48F0-44AF-8EAA-E318634F94D7}.Release|x86.Build.0 = Release|Any CPU
	EndGlobalSection
	GlobalSection(SolutionProperties) = preSolution
		HideSolutionNode = FALSE
	EndGlobalSection
	GlobalSection(ExtensibilityGlobals) = postSolution
		SolutionGuid = {F1906C09-0EA8-4099-B81C-CB10E801F45F}
	EndGlobalSection
EndGlobal
